// !$*UTF8*$!
{
	archiveVersion = 1;
	classes = {
	};
	objectVersion = 46;
	objects = {

/* Begin PBXBuildFile section */
		1EF556A7A3935184A8AD977F /* Pods_facebookLogin.framework in Frameworks */ = {isa = PBXBuildFile; fileRef = D9A2BAADB505FF7FC964B550 /* Pods_facebookLogin.framework */; };
		7ADA3A0A1F22131A000956DB /* AppDelegate.swift in Sources */ = {isa = PBXBuildFile; fileRef = 7ADA3A091F22131A000956DB /* AppDelegate.swift */; };
		7ADA3A0C1F22131A000956DB /* ViewController.swift in Sources */ = {isa = PBXBuildFile; fileRef = 7ADA3A0B1F22131A000956DB /* ViewController.swift */; };
		7ADA3A0F1F22131A000956DB /* Main.storyboard in Resources */ = {isa = PBXBuildFile; fileRef = 7ADA3A0D1F22131A000956DB /* Main.storyboard */; };
		7ADA3A111F22131A000956DB /* Assets.xcassets in Resources */ = {isa = PBXBuildFile; fileRef = 7ADA3A101F22131A000956DB /* Assets.xcassets */; };
		7ADA3A141F22131A000956DB /* LaunchScreen.storyboard in Resources */ = {isa = PBXBuildFile; fileRef = 7ADA3A121F22131A000956DB /* LaunchScreen.storyboard */; };
/* End PBXBuildFile section */

/* Begin PBXFileReference section */
		00DEDFF47E4441CE09BA0225 /* Pods-facebookLogin.release.xcconfig */ = {isa = PBXFileReference; includeInIndex = 1; lastKnownFileType = text.xcconfig; name = "Pods-facebookLogin.release.xcconfig"; path = "Pods/Target Support Files/Pods-facebookLogin/Pods-facebookLogin.release.xcconfig"; sourceTree = "<group>"; };
		7ADA3A061F22131A000956DB /* facebookLogin.app */ = {isa = PBXFileReference; explicitFileType = wrapper.application; includeInIndex = 0; path = facebookLogin.app; sourceTree = BUILT_PRODUCTS_DIR; };
		7ADA3A091F22131A000956DB /* AppDelegate.swift */ = {isa = PBXFileReference; lastKnownFileType = sourcecode.swift; path = AppDelegate.swift; sourceTree = "<group>"; };
		7ADA3A0B1F22131A000956DB /* ViewController.swift */ = {isa = PBXFileReference; lastKnownFileType = sourcecode.swift; path = ViewController.swift; sourceTree = "<group>"; };
		7ADA3A0E1F22131A000956DB /* Base */ = {isa = PBXFileReference; lastKnownFileType = file.storyboard; name = Base; path = Base.lproj/Main.storyboard; sourceTree = "<group>"; };
		7ADA3A101F22131A000956DB /* Assets.xcassets */ = {isa = PBXFileReference; lastKnownFileType = folder.assetcatalog; path = Assets.xcassets; sourceTree = "<group>"; };
		7ADA3A131F22131A000956DB /* Base */ = {isa = PBXFileReference; lastKnownFileType = file.storyboard; name = Base; path = Base.lproj/LaunchScreen.storyboard; sourceTree = "<group>"; };
		7ADA3A151F22131A000956DB /* Info.plist */ = {isa = PBXFileReference; lastKnownFileType = text.plist.xml; path = Info.plist; sourceTree = "<group>"; };
		C1A1A46F9503CA0C812166A1 /* Pods-facebookLogin.debug.xcconfig */ = {isa = PBXFileReference; includeInIndex = 1; lastKnownFileType = text.xcconfig; name = "Pods-facebookLogin.debug.xcconfig"; path = "Pods/Target Support Files/Pods-facebookLogin/Pods-facebookLogin.debug.xcconfig"; sourceTree = "<group>"; };
		D9A2BAADB505FF7FC964B550 /* Pods_facebookLogin.framework */ = {isa = PBXFileReference; explicitFileType = wrapper.framework; includeInIndex = 0; path = Pods_facebookLogin.framework; sourceTree = BUILT_PRODUCTS_DIR; };
/* End PBXFileReference section */

/* Begin PBXFrameworksBuildPhase section */
		7ADA3A031F22131A000956DB /* Frameworks */ = {
			isa = PBXFrameworksBuildPhase;
			buildActionMask = 2147483647;
			files = (
				1EF556A7A3935184A8AD977F /* Pods_facebookLogin.framework in Frameworks */,
			);
			runOnlyForDeploymentPostprocessing = 0;
		};
/* End PBXFrameworksBuildPhase section */

/* Begin PBXGroup section */
		182E8D4898FF66C846B94A74 /* Frameworks */ = {
			isa = PBXGroup;
			children = (
				D9A2BAADB505FF7FC964B550 /* Pods_facebookLogin.framework */,
			);
			name = Frameworks;
			sourceTree = "<group>";
		};
		3B9CC1CFD58D7BD4A7E4C66A /* Pods */ = {
			isa = PBXGroup;
			children = (
				C1A1A46F9503CA0C812166A1 /* Pods-facebookLogin.debug.xcconfig */,
				00DEDFF47E4441CE09BA0225 /* Pods-facebookLogin.release.xcconfig */,
			);
			name = Pods;
			sourceTree = "<group>";
		};
		7ADA39FD1F22131A000956DB = {
			isa = PBXGroup;
			children = (
				7ADA3A081F22131A000956DB /* facebookLogin */,
				7ADA3A071F22131A000956DB /* Products */,
				3B9CC1CFD58D7BD4A7E4C66A /* Pods */,
				182E8D4898FF66C846B94A74 /* Frameworks */,
			);
			sourceTree = "<group>";
		};
		7ADA3A071F22131A000956DB /* Products */ = {
			isa = PBXGroup;
			children = (
				7ADA3A061F22131A000956DB /* facebookLogin.app */,
			);
			name = Products;
			sourceTree = "<group>";
		};
		7ADA3A081F22131A000956DB /* facebookLogin */ = {
			isa = PBXGroup;
			children = (
				7ADA3A091F22131A000956DB /* AppDelegate.swift */,
				7ADA3A0B1F22131A000956DB /* ViewController.swift */,
				7ADA3A0D1F22131A000956DB /* Main.storyboard */,
				7ADA3A101F22131A000956DB /* Assets.xcassets */,
				7ADA3A121F22131A000956DB /* LaunchScreen.storyboard */,
				7ADA3A151F22131A000956DB /* Info.plist */,
			);
			path = facebookLogin;
			sourceTree = "<group>";
		};
/* End PBXGroup section */

/* Begin PBXNativeTarget section */
		7ADA3A051F22131A000956DB /* facebookLogin */ = {
			isa = PBXNativeTarget;
			buildConfigurationList = 7ADA3A181F22131A000956DB /* Build configuration list for PBXNativeTarget "facebookLogin" */;
			buildPhases = (
				12B02C8287870504D117C180 /* [CP] Check Pods Manifest.lock */,
				7ADA3A021F22131A000956DB /* Sources */,
				7ADA3A031F22131A000956DB /* Frameworks */,
				7ADA3A041F22131A000956DB /* Resources */,
				FED569710B54212D7314BC18 /* [CP] Embed Pods Frameworks */,
				3CAAD5A6CD774DB409E0BEE6 /* [CP] Copy Pods Resources */,
			);
			buildRules = (
			);
			dependencies = (
			);
			name = facebookLogin;
			productName = facebookLogin;
			productReference = 7ADA3A061F22131A000956DB /* facebookLogin.app */;
			productType = "com.apple.product-type.application";
		};
/* End PBXNativeTarget section */

/* Begin PBXProject section */
		7ADA39FE1F22131A000956DB /* Project object */ = {
			isa = PBXProject;
			attributes = {
				LastSwiftUpdateCheck = 0830;
				LastUpgradeCheck = 0830;
				ORGANIZATIONNAME = "Naveen Naidu ";
				TargetAttributes = {
					7ADA3A051F22131A000956DB = {
						CreatedOnToolsVersion = 8.3;
						DevelopmentTeam = LR48R4SFC7;
						ProvisioningStyle = Automatic;
					};
				};
			};
			buildConfigurationList = 7ADA3A011F22131A000956DB /* Build configuration list for PBXProject "facebookLogin" */;
			compatibilityVersion = "Xcode 3.2";
			developmentRegion = English;
			hasScannedForEncodings = 0;
			knownRegions = (
				en,
				Base,
			);
			mainGroup = 7ADA39FD1F22131A000956DB;
			productRefGroup = 7ADA3A071F22131A000956DB /* Products */;
			projectDirPath = "";
			projectRoot = "";
			targets = (
				7ADA3A051F22131A000956DB /* facebookLogin */,
			);
		};
/* End PBXProject section */

/* Begin PBXResourcesBuildPhase section */
		7ADA3A041F22131A000956DB /* Resources */ = {
			isa = PBXResourcesBuildPhase;
			buildActionMask = 2147483647;
			files = (
				7ADA3A141F22131A000956DB /* LaunchScreen.storyboard in Resources */,
				7ADA3A111F22131A000956DB /* Assets.xcassets in Resources */,
				7ADA3A0F1F22131A000956DB /* Main.storyboard in Resources */,
			);
			runOnlyForDeploymentPostprocessing = 0;
		};
/* End PBXResourcesBuildPhase section */

/* Begin PBXShellScriptBuildPhase section */
		12B02C8287870504D117C180 /* [CP] Check Pods Manifest.lock */ = {
			isa = PBXShellScriptBuildPhase;
			buildActionMask = 2147483647;
			files = (
			);
			inputPaths = (
			);
			name = "[CP] Check Pods Manifest.lock";
			outputPaths = (
			);
			runOnlyForDeploymentPostprocessing = 0;
			shellPath = /bin/sh;
			shellScript = "diff \"${PODS_PODFILE_DIR_PATH}/Podfile.lock\" \"${PODS_ROOT}/Manifest.lock\" > /dev/null\nif [ $? != 0 ] ; then\n    # print error to STDERR\n    echo \"error: The sandbox is not in sync with the Podfile.lock. Run 'pod install' or update your CocoaPods installation.\" >&2\n    exit 1\nfi\n";
			showEnvVarsInLog = 0;
		};
		3CAAD5A6CD774DB409E0BEE6 /* [CP] Copy Pods Resources */ = {
			isa = PBXShellScriptBuildPhase;
			buildActionMask = 2147483647;
			files = (
			);
			inputPaths = (
			);
			name = "[CP] Copy Pods Resources";
			outputPaths = (
			);
			runOnlyForDeploymentPostprocessing = 0;
			shellPath = /bin/sh;
			shellScript = "\"${SRCROOT}/Pods/Target Support Files/Pods-facebookLogin/Pods-facebookLogin-resources.sh\"\n";
			showEnvVarsInLog = 0;
		};
		FED569710B54212D7314BC18 /* [CP] Embed Pods Frameworks */ = {
			isa = PBXShellScriptBuildPhase;
			buildActionMask = 2147483647;
			files = (
			);
			inputPaths = (
			);
			name = "[CP] Embed Pods Frameworks";
			outputPaths = (
			);
			runOnlyForDeploymentPostprocessing = 0;
			shellPath = /bin/sh;
			shellScript = "\"${SRCROOT}/Pods/Target Support Files/Pods-facebookLogin/Pods-facebookLogin-frameworks.sh\"\n";
			showEnvVarsInLog = 0;
		};
/* End PBXShellScriptBuildPhase section */

/* Begin PBXSourcesBuildPhase section */
		7ADA3A021F22131A000956DB /* Sources */ = {
			isa = PBXSourcesBuildPhase;
			buildActionMask = 2147483647;
			files = (
				7ADA3A0C1F22131A000956DB /* ViewController.swift in Sources */,
				7ADA3A0A1F22131A000956DB /* AppDelegate.swift in Sources */,
			);
			runOnlyForDeploymentPostprocessing = 0;
		};
/* End PBXSourcesBuildPhase section */

/* Begin PBXVariantGroup section */
		7ADA3A0D1F22131A000956DB /* Main.storyboard */ = {
			isa = PBXVariantGroup;
			children = (
				7ADA3A0E1F22131A000956DB /* Base */,
			);
			name = Main.storyboard;
			sourceTree = "<group>";
		};
		7ADA3A121F22131A000956DB /* LaunchScreen.storyboard */ = {
			isa = PBXVariantGroup;
			children = (
				7ADA3A131F22131A000956DB /* Base */,
			);
			name = LaunchScreen.storyboard;
			sourceTree = "<group>";
		};
/* End PBXVariantGroup section */

/* Begin XCBuildConfiguration section */
		7ADA3A161F22131A000956DB /* Debug */ = {
			isa = XCBuildConfiguration;
			buildSettings = {
				ALWAYS_SEARCH_USER_PATHS = NO;
				CLANG_ANALYZER_NONNULL = YES;
				CLANG_ANALYZER_NUMBER_OBJECT_CONVERSION = YES_AGGRESSIVE;
				CLANG_CXX_LANGUAGE_STANDARD = "gnu++0x";
				CLANG_CXX_LIBRARY = "libc++";
				CLANG_ENABLE_MODULES = YES;
				CLANG_ENABLE_OBJC_ARC = YES;
				CLANG_WARN_BOOL_CONVERSION = YES;
				CLANG_WARN_CONSTANT_CONVERSION = YES;
				CLANG_WARN_DIRECT_OBJC_ISA_USAGE = YES_ERROR;
				CLANG_WARN_DOCUMENTATION_COMMENTS = YES;
				CLANG_WARN_EMPTY_BODY = YES;
				CLANG_WARN_ENUM_CONVERSION = YES;
				CLANG_WARN_INFINITE_RECURSION = YES;
				CLANG_WARN_INT_CONVERSION = YES;
				CLANG_WARN_OBJC_ROOT_CLASS = YES_ERROR;
				CLANG_WARN_SUSPICIOUS_MOVE = YES;
				CLANG_WARN_UNREACHABLE_CODE = YES;
				CLANG_WARN__DUPLICATE_METHOD_MATCH = YES;
				"CODE_SIGN_IDENTITY[sdk=iphoneos*]" = "iPhone Developer";
				COPY_PHASE_STRIP = NO;
				DEBUG_INFORMATION_FORMAT = dwarf;
				ENABLE_STRICT_OBJC_MSGSEND = YES;
				ENABLE_TESTABILITY = YES;
				GCC_C_LANGUAGE_STANDARD = gnu99;
				GCC_DYNAMIC_NO_PIC = NO;
				GCC_NO_COMMON_BLOCKS = YES;
				GCC_OPTIMIZATION_LEVEL = 0;
				GCC_PREPROCESSOR_DEFINITIONS = (
					"DEBUG=1",
					"$(inherited)",
				);
				GCC_WARN_64_TO_32_BIT_CONVERSION = YES;
				GCC_WARN_ABOUT_RETURN_TYPE = YES_ERROR;
				GCC_WARN_UNDECLARED_SELECTOR = YES;
				GCC_WARN_UNINITIALIZED_AUTOS = YES_AGGRESSIVE;
				GCC_WARN_UNUSED_FUNCTION = YES;
				GCC_WARN_UNUSED_VARIABLE = YES;
				IPHONEOS_DEPLOYMENT_TARGET = 10.3;
				MTL_ENABLE_DEBUG_INFO = YES;
				ONLY_ACTIVE_ARCH = YES;
				SDKROOT = iphoneos;
				SWIFT_ACTIVE_COMPILATION_CONDITIONS = DEBUG;
				SWIFT_OPTIMIZATION_LEVEL = "-Onone";
			};
			name = Debug;
		};
		7ADA3A171F22131A000956DB /* Release */ = {
			isa = XCBuildConfiguration;
			buildSettings = {
				ALWAYS_SEARCH_USER_PATHS = NO;
				CLANG_ANALYZER_NONNULL = YES;
				CLANG_ANALYZER_NUMBER_OBJECT_CONVERSION = YES_AGGRESSIVE;
				CLANG_CXX_LANGUAGE_STANDARD = "gnu++0x";
				CLANG_CXX_LIBRARY = "libc++";
				CLANG_ENABLE_MODULES = YES;
				CLANG_ENABLE_OBJC_ARC = YES;
				CLANG_WARN_BOOL_CONVERSION = YES;
				CLANG_WARN_CONSTANT_CONVERSION = YES;
				CLANG_WARN_DIRECT_OBJC_ISA_USAGE = YES_ERROR;
				CLANG_WARN_DOCUMENTATION_COMMENTS = YES;
				CLANG_WARN_EMPTY_BODY = YES;
				CLANG_WARN_ENUM_CONVERSION = YES;
				CLANG_WARN_INFINITE_RECURSION = YES;
				CLANG_WARN_INT_CONVERSION = YES;
				CLANG_WARN_OBJC_ROOT_CLASS = YES_ERROR;
				CLANG_WARN_SUSPICIOUS_MOVE = YES;
				CLANG_WARN_UNREACHABLE_CODE = YES;
				CLANG_WARN__DUPLICATE_METHOD_MATCH = YES;
				"CODE_SIGN_IDENTITY[sdk=iphoneos*]" = "iPhone Developer";
				COPY_PHASE_STRIP = NO;
				DEBUG_INFORMATION_FORMAT = "dwarf-with-dsym";
				ENABLE_NS_ASSERTIONS = NO;
				ENABLE_STRICT_OBJC_MSGSEND = YES;
				GCC_C_LANGUAGE_STANDARD = gnu99;
				GCC_NO_COMMON_BLOCKS = YES;
				GCC_WARN_64_TO_32_BIT_CONVERSION = YES;
				GCC_WARN_ABOUT_RETURN_TYPE = YES_ERROR;
				GCC_WARN_UNDECLARED_SELECTOR = YES;
				GCC_WARN_UNINITIALIZED_AUTOS = YES_AGGRESSIVE;
				GCC_WARN_UNUSED_FUNCTION = YES;
				GCC_WARN_UNUSED_VARIABLE = YES;
				IPHONEOS_DEPLOYMENT_TARGET = 10.3;
				MTL_ENABLE_DEBUG_INFO = NO;
				SDKROOT = iphoneos;
				SWIFT_OPTIMIZATION_LEVEL = "-Owholemodule";
				VALIDATE_PRODUCT = YES;
			};
			name = Release;
		};
		7ADA3A191F22131A000956DB /* Debug */ = {
			isa = XCBuildConfiguration;
			baseConfigurationReference = C1A1A46F9503CA0C812166A1 /* Pods-facebookLogin.debug.xcconfig */;
			buildSettings = {
				ASSETCATALOG_COMPILER_APPICON_NAME = AppIcon;
				DEVELOPMENT_TEAM = LR48R4SFC7;
				INFOPLIST_FILE = facebookLogin/Info.plist;
				LD_RUNPATH_SEARCH_PATHS = "$(inherited) @executable_path/Frameworks";
				PRODUCT_BUNDLE_IDENTIFIER = com.naveennaidu.facebookLogin;
				PRODUCT_NAME = "$(TARGET_NAME)";
				SWIFT_VERSION = 3.0;
			};
			name = Debug;
		};
		7ADA3A1A1F22131A000956DB /* Release */ = {
			isa = XCBuildConfiguration;
			baseConfigurationReference = 00DEDFF47E4441CE09BA0225 /* Pods-facebookLogin.release.xcconfig */;
			buildSettings = {
				ASSETCATALOG_COMPILER_APPICON_NAME = AppIcon;
				DEVELOPMENT_TEAM = LR48R4SFC7;
				INFOPLIST_FILE = facebookLogin/Info.plist;
				LD_RUNPATH_SEARCH_PATHS = "$(inherited) @executable_path/Frameworks";
				PRODUCT_BUNDLE_IDENTIFIER = com.naveennaidu.facebookLogin;
				PRODUCT_NAME = "$(TARGET_NAME)";
				SWIFT_VERSION = 3.0;
			};
			name = Release;
		};
/* End XCBuildConfiguration section */

/* Begin XCConfigurationList section */
		7ADA3A011F22131A000956DB /* Build configuration list for PBXProject "facebookLogin" */ = {
			isa = XCConfigurationList;
			buildConfigurations = (
				7ADA3A161F22131A000956DB /* Debug */,
				7ADA3A171F22131A000956DB /* Release */,
			);
			defaultConfigurationIsVisible = 0;
			defaultConfigurationName = Release;
		};
		7ADA3A181F22131A000956DB /* Build configuration list for PBXNativeTarget "facebookLogin" */ = {
			isa = XCConfigurationList;
			buildConfigurations = (
				7ADA3A191F22131A000956DB /* Debug */,
				7ADA3A1A1F22131A000956DB /* Release */,
			);
			defaultConfigurationIsVisible = 0;
		};
/* End XCConfigurationList section */
	};
	rootObject = 7ADA39FE1F22131A000956DB /* Project object */;
}
